
Microsoft Visual Studio Solution File, Format Version 12.00
# Visual Studio Version 17
VisualStudioVersion = 17.10.35027.167
MinimumVisualStudioVersion = 10.0.40219.1
Project("{FAE04EC0-301F-11D3-BF4B-00C04F79EFBC}") = "QuickDoseCalc", "QuickDoseCalc\QuickDoseCalc.csproj", "{46863070-FEBA-4972-8F95-2B3EA3121DC9}"
EndProject
Global
	GlobalSection(SolutionConfigurationPlatforms) = preSolution
		Debug|Any CPU = Debug|Any CPU
		Debug|x64 = Debug|x64
		Release|Any CPU = Release|Any CPU
		Release|x64 = Release|x64
	EndGlobalSection
	GlobalSection(ProjectConfigurationPlatforms) = postSolution
		{46863070-FEBA-4972-8F95-2B3EA3121DC9}.Debug|Any CPU.ActiveCfg = Debug|Any CPU
		{46863070-FEBA-4972-8F95-2B3EA3121DC9}.Debug|Any CPU.Build.0 = Debug|Any CPU
		{46863070-FEBA-4972-8F95-2B3EA3121DC9}.Debug|x64.ActiveCfg = Debug|x64
		{46863070-FEBA-4972-8F95-2B3EA3121DC9}.Debug|x64.Build.0 = Debug|x64
		{46863070-FEBA-4972-8F95-2B3EA3121DC9}.Release|Any CPU.ActiveCfg = Release|Any CPU
		{46863070-FEBA-4972-8F95-2B3EA3121DC9}.Release|Any CPU.Build.0 = Release|Any CPU
		{46863070-FEBA-4972-8F95-2B3EA3121DC9}.Release|x64.ActiveCfg = Release|x64
		{46863070-FEBA-4972-8F95-2B3EA3121DC9}.Release|x64.Build.0 = Release|x64
	EndGlobalSection
	GlobalSection(SolutionProperties) = preSolution
		HideSolutionNode = FALSE
	EndGlobalSection
	GlobalSection(ExtensibilityGlobals) = postSolution
		SolutionGuid = {C2664F3F-C8CE-49F2-AFAB-6E53B19B38D0}
	EndGlobalSection
EndGlobal
